
Microsoft Visual Studio Solution File, Format Version 12.00
# Visual Studio 2013
VisualStudioVersion = 12.0.40629.0
MinimumVisualStudioVersion = 10.0.40219.1
Project("{FAE04EC0-301F-11D3-BF4B-00C04F79EFBC}") = "EulerRunner", "ConsoleApplication1\EulerRunner.csproj", "{F15D6428-2B5C-4604-9272-7B6369B8BBA4}"
EndProject
Project("{FAE04EC0-301F-11D3-BF4B-00C04F79EFBC}") = "Problems", "Problems\Problems.csproj", "{588E1ACD-C4B7-4DF0-992E-DFD0894F6BAB}"
EndProject
Global
	GlobalSection(SolutionConfigurationPlatforms) = preSolution
		Debug|Any CPU = Debug|Any CPU
		Release|Any CPU = Release|Any CPU
	EndGlobalSection
	GlobalSection(ProjectConfigurationPlatforms) = postSolution
		{F15D6428-2B5C-4604-9272-7B6369B8BBA4}.Debug|Any CPU.ActiveCfg = Debug|Any CPU
		{F15D6428-2B5C-4604-9272-7B6369B8BBA4}.Debug|Any CPU.Build.0 = Debug|Any CPU
		{F15D6428-2B5C-4604-9272-7B6369B8BBA4}.Release|Any CPU.ActiveCfg = Release|Any CPU
		{F15D6428-2B5C-4604-9272-7B6369B8BBA4}.Release|Any CPU.Build.0 = Release|Any CPU
		{588E1ACD-C4B7-4DF0-992E-DFD0894F6BAB}.Debug|Any CPU.ActiveCfg = Debug|Any CPU
		{588E1ACD-C4B7-4DF0-992E-DFD0894F6BAB}.Debug|Any CPU.Build.0 = Debug|Any CPU
		{588E1ACD-C4B7-4DF0-992E-DFD0894F6BAB}.Release|Any CPU.ActiveCfg = Release|Any CPU
		{588E1ACD-C4B7-4DF0-992E-DFD0894F6BAB}.Release|Any CPU.Build.0 = Release|Any CPU
	EndGlobalSection
	GlobalSection(SolutionProperties) = preSolution
		HideSolutionNode = FALSE
	EndGlobalSection
EndGlobal
